
Microsoft Visual Studio Solution File, Format Version 12.00
# Visual Studio 14
VisualStudioVersion = 14.0.25420.1
MinimumVisualStudioVersion = 10.0.40219.1
Project("{FAE04EC0-301F-11D3-BF4B-00C04F79EFBC}") = "FamilyApp", "FamilyApp\FamilyApp\FamilyApp.csproj", "{6F261791-D36E-43E4-9DEA-171CA3DB4A49}"
EndProject
Project("{FAE04EC0-301F-11D3-BF4B-00C04F79EFBC}") = "FamilyApp.Droid", "FamilyApp\FamilyApp.Droid\FamilyApp.Droid.csproj", "{8BBF00B6-4DB0-4C66-8F96-F4FFCD78BA81}"
EndProject
Project("{FAE04EC0-301F-11D3-BF4B-00C04F79EFBC}") = "FamilyApp.iOS", "FamilyApp\FamilyApp.iOS\FamilyApp.iOS.csproj", "{1D34ED4C-107F-4110-B062-433926E84C05}"
EndProject
Project("{FAE04EC0-301F-11D3-BF4B-00C04F79EFBC}") = "FamilyApp.WinPhone", "FamilyApp\FamilyApp.WinPhone\FamilyApp.WinPhone.csproj", "{6B9DA752-5D1A-49BC-9CF0-58603E011CD7}"
EndProject
Project("{FAE04EC0-301F-11D3-BF4B-00C04F79EFBC}") = "FamilyApp.Windows", "FamilyApp\FamilyApp.Windows\FamilyApp.Windows.csproj", "{EF77A461-996E-43FF-BC18-83AEC3412383}"
EndProject
Global
	GlobalSection(SolutionConfigurationPlatforms) = preSolution
		Ad-Hoc|Any CPU = Ad-Hoc|Any CPU
		Ad-Hoc|ARM = Ad-Hoc|ARM
		Ad-Hoc|iPhone = Ad-Hoc|iPhone
		Ad-Hoc|iPhoneSimulator = Ad-Hoc|iPhoneSimulator
		Ad-Hoc|x64 = Ad-Hoc|x64
		Ad-Hoc|x86 = Ad-Hoc|x86
		AppStore|Any CPU = AppStore|Any CPU
		AppStore|ARM = AppStore|ARM
		AppStore|iPhone = AppStore|iPhone
		AppStore|iPhoneSimulator = AppStore|iPhoneSimulator
		AppStore|x64 = AppStore|x64
		AppStore|x86 = AppStore|x86
		Debug|Any CPU = Debug|Any CPU
		Debug|ARM = Debug|ARM
		Debug|iPhone = Debug|iPhone
		Debug|iPhoneSimulator = Debug|iPhoneSimulator
		Debug|x64 = Debug|x64
		Debug|x86 = Debug|x86
		Release|Any CPU = Release|Any CPU
		Release|ARM = Release|ARM
		Release|iPhone = Release|iPhone
		Release|iPhoneSimulator = Release|iPhoneSimulator
		Release|x64 = Release|x64
		Release|x86 = Release|x86
	EndGlobalSection
	GlobalSection(ProjectConfigurationPlatforms) = postSolution
		{6F261791-D36E-43E4-9DEA-171CA3DB4A49}.Ad-Hoc|Any CPU.ActiveCfg = Release|Any CPU
		{6F261791-D36E-43E4-9DEA-171CA3DB4A49}.Ad-Hoc|Any CPU.Build.0 = Release|Any CPU
		{6F261791-D36E-43E4-9DEA-171CA3DB4A49}.Ad-Hoc|ARM.ActiveCfg = Release|Any CPU
		{6F261791-D36E-43E4-9DEA-171CA3DB4A49}.Ad-Hoc|ARM.Build.0 = Release|Any CPU
		{6F261791-D36E-43E4-9DEA-171CA3DB4A49}.Ad-Hoc|iPhone.ActiveCfg = Release|Any CPU
		{6F261791-D36E-43E4-9DEA-171CA3DB4A49}.Ad-Hoc|iPhone.Build.0 = Release|Any CPU
		{6F261791-D36E-43E4-9DEA-171CA3DB4A49}.Ad-Hoc|iPhoneSimulator.ActiveCfg = Release|Any CPU
		{6F261791-D36E-43E4-9DEA-171CA3DB4A49}.Ad-Hoc|iPhoneSimulator.Build.0 = Release|Any CPU
		{6F261791-D36E-43E4-9DEA-171CA3DB4A49}.Ad-Hoc|x64.ActiveCfg = Release|Any CPU
		{6F261791-D36E-43E4-9DEA-171CA3DB4A49}.Ad-Hoc|x64.Build.0 = Release|Any CPU
		{6F261791-D36E-43E4-9DEA-171CA3DB4A49}.Ad-Hoc|x86.ActiveCfg = Release|Any CPU
		{6F261791-D36E-43E4-9DEA-171CA3DB4A49}.Ad-Hoc|x86.Build.0 = Release|Any CPU
		{6F261791-D36E-43E4-9DEA-171CA3DB4A49}.AppStore|Any CPU.ActiveCfg = Release|Any CPU
		{6F261791-D36E-43E4-9DEA-171CA3DB4A49}.AppStore|Any CPU.Build.0 = Release|Any CPU
		{6F261791-D36E-43E4-9DEA-171CA3DB4A49}.AppStore|ARM.ActiveCfg = Release|Any CPU
		{6F261791-D36E-43E4-9DEA-171CA3DB4A49}.AppStore|ARM.Build.0 = Release|Any CPU
		{6F261791-D36E-43E4-9DEA-171CA3DB4A49}.AppStore|iPhone.ActiveCfg = Release|Any CPU
		{6F261791-D36E-43E4-9DEA-171CA3DB4A49}.AppStore|iPhone.Build.0 = Release|Any CPU
		{6F261791-D36E-43E4-9DEA-171CA3DB4A49}.AppStore|iPhoneSimulator.ActiveCfg = Release|Any CPU
		{6F261791-D36E-43E4-9DEA-171CA3DB4A49}.AppStore|iPhoneSimulator.Build.0 = Release|Any CPU
		{6F261791-D36E-43E4-9DEA-171CA3DB4A49}.AppStore|x64.ActiveCfg = Release|Any CPU
		{6F261791-D36E-43E4-9DEA-171CA3DB4A49}.AppStore|x64.Build.0 = Release|Any CPU
		{6F261791-D36E-43E4-9DEA-171CA3DB4A49}.AppStore|x86.ActiveCfg = Release|Any CPU
		{6F261791-D36E-43E4-9DEA-171CA3DB4A49}.AppStore|x86.Build.0 = Release|Any CPU
		{6F261791-D36E-43E4-9DEA-171CA3DB4A49}.Debug|Any CPU.ActiveCfg = Debug|Any CPU
		{6F261791-D36E-43E4-9DEA-171CA3DB4A49}.Debug|Any CPU.Build.0 = Debug|Any CPU
		{6F261791-D36E-43E4-9DEA-171CA3DB4A49}.Debug|ARM.ActiveCfg = Debug|Any CPU
		{6F261791-D36E-43E4-9DEA-171CA3DB4A49}.Debug|ARM.Build.0 = Debug|Any CPU
		{6F261791-D36E-43E4-9DEA-171CA3DB4A49}.Debug|iPhone.ActiveCfg = Debug|Any CPU
		{6F261791-D36E-43E4-9DEA-171CA3DB4A49}.Debug|iPhone.Build.0 = Debug|Any CPU
		{6F261791-D36E-43E4-9DEA-171CA3DB4A49}.Debug|iPhoneSimulator.ActiveCfg = Debug|Any CPU
		{6F261791-D36E-43E4-9DEA-171CA3DB4A49}.Debug|iPhoneSimulator.Build.0 = Debug|Any CPU
		{6F261791-D36E-43E4-9DEA-171CA3DB4A49}.Debug|x64.ActiveCfg = Debug|Any CPU
		{6F261791-D36E-43E4-9DEA-171CA3DB4A49}.Debug|x64.Build.0 = Debug|Any CPU
		{6F261791-D36E-43E4-9DEA-171CA3DB4A49}.Debug|x86.ActiveCfg = Debug|Any CPU
		{6F261791-D36E-43E4-9DEA-171CA3DB4A49}.Debug|x86.Build.0 = Debug|Any CPU
		{6F261791-D36E-43E4-9DEA-171CA3DB4A49}.Release|Any CPU.ActiveCfg = Release|Any CPU
		{6F261791-D36E-43E4-9DEA-171CA3DB4A49}.Release|Any CPU.Build.0 = Release|Any CPU
		{6F261791-D36E-43E4-9DEA-171CA3DB4A49}.Release|ARM.ActiveCfg = Release|Any CPU
		{6F261791-D36E-43E4-9DEA-171CA3DB4A49}.Release|ARM.Build.0 = Release|Any CPU
		{6F261791-D36E-43E4-9DEA-171CA3DB4A49}.Release|iPhone.ActiveCfg = Release|Any CPU
		{6F261791-D36E-43E4-9DEA-171CA3DB4A49}.Release|iPhone.Build.0 = Release|Any CPU
		{6F261791-D36E-43E4-9DEA-171CA3DB4A49}.Release|iPhoneSimulator.ActiveCfg = Release|Any CPU
		{6F261791-D36E-43E4-9DEA-171CA3DB4A49}.Release|iPhoneSimulator.Build.0 = Release|Any CPU
		{6F261791-D36E-43E4-9DEA-171CA3DB4A49}.Release|x64.ActiveCfg = Release|Any CPU
		{6F261791-D36E-43E4-9DEA-171CA3DB4A49}.Release|x64.Build.0 = Release|Any CPU
		{6F261791-D36E-43E4-9DEA-171CA3DB4A49}.Release|x86.ActiveCfg = Release|Any CPU
		{6F261791-D36E-43E4-9DEA-171CA3DB4A49}.Release|x86.Build.0 = Release|Any CPU
		{8BBF00B6-4DB0-4C66-8F96-F4FFCD78BA81}.Ad-Hoc|Any CPU.ActiveCfg = Release|Any CPU
		{8BBF00B6-4DB0-4C66-8F96-F4FFCD78BA81}.Ad-Hoc|Any CPU.Build.0 = Release|Any CPU
		{8BBF00B6-4DB0-4C66-8F96-F4FFCD78BA81}.Ad-Hoc|Any CPU.Deploy.0 = Release|Any CPU
		{8BBF00B6-4DB0-4C66-8F96-F4FFCD78BA81}.Ad-Hoc|ARM.ActiveCfg = Release|Any CPU
		{8BBF00B6-4DB0-4C66-8F96-F4FFCD78BA81}.Ad-Hoc|ARM.Build.0 = Release|Any CPU
		{8BBF00B6-4DB0-4C66-8F96-F4FFCD78BA81}.Ad-Hoc|ARM.Deploy.0 = Release|Any CPU
		{8BBF00B6-4DB0-4C66-8F96-F4FFCD78BA81}.Ad-Hoc|iPhone.ActiveCfg = Release|Any CPU
		{8BBF00B6-4DB0-4C66-8F96-F4FFCD78BA81}.Ad-Hoc|iPhone.Build.0 = Release|Any CPU
		{8BBF00B6-4DB0-4C66-8F96-F4FFCD78BA81}.Ad-Hoc|iPhone.Deploy.0 = Release|Any CPU
		{8BBF00B6-4DB0-4C66-8F96-F4FFCD78BA81}.Ad-Hoc|iPhoneSimulator.ActiveCfg = Release|Any CPU
		{8BBF00B6-4DB0-4C66-8F96-F4FFCD78BA81}.Ad-Hoc|iPhoneSimulator.Build.0 = Release|Any CPU
		{8BBF00B6-4DB0-4C66-8F96-F4FFCD78BA81}.Ad-Hoc|iPhoneSimulator.Deploy.0 = Release|Any CPU
		{8BBF00B6-4DB0-4C66-8F96-F4FFCD78BA81}.Ad-Hoc|x64.ActiveCfg = Release|Any CPU
		{8BBF00B6-4DB0-4C66-8F96-F4FFCD78BA81}.Ad-Hoc|x64.Build.0 = Release|Any CPU
		{8BBF00B6-4DB0-4C66-8F96-F4FFCD78BA81}.Ad-Hoc|x64.Deploy.0 = Release|Any CPU
		{8BBF00B6-4DB0-4C66-8F96-F4FFCD78BA81}.Ad-Hoc|x86.ActiveCfg = Release|Any CPU
		{8BBF00B6-4DB0-4C66-8F96-F4FFCD78BA81}.Ad-Hoc|x86.Build.0 = Release|Any CPU
		{8BBF00B6-4DB0-4C66-8F96-F4FFCD78BA81}.Ad-Hoc|x86.Deploy.0 = Release|Any CPU
		{8BBF00B6-4DB0-4C66-8F96-F4FFCD78BA81}.AppStore|Any CPU.ActiveCfg = Release|Any CPU
		{8BBF00B6-4DB0-4C66-8F96-F4FFCD78BA81}.AppStore|Any CPU.Build.0 = Release|Any CPU
		{8BBF00B6-4DB0-4C66-8F96-F4FFCD78BA81}.AppStore|Any CPU.Deploy.0 = Release|Any CPU
		{8BBF00B6-4DB0-4C66-8F96-F4FFCD78BA81}.AppStore|ARM.ActiveCfg = Release|Any CPU
		{8BBF00B6-4DB0-4C66-8F96-F4FFCD78BA81}.AppStore|ARM.Build.0 = Release|Any CPU
		{8BBF00B6-4DB0-4C66-8F96-F4FFCD78BA81}.AppStore|ARM.Deploy.0 = Release|Any CPU
		{8BBF00B6-4DB0-4C66-8F96-F4FFCD78BA81}.AppStore|iPhone.ActiveCfg = Release|Any CPU
		{8BBF00B6-4DB0-4C66-8F96-F4FFCD78BA81}.AppStore|iPhone.Build.0 = Release|Any CPU
		{8BBF00B6-4DB0-4C66-8F96-F4FFCD78BA81}.AppStore|iPhone.Deploy.0 = Release|Any CPU
		{8BBF00B6-4DB0-4C66-8F96-F4FFCD78BA81}.AppStore|iPhoneSimulator.ActiveCfg = Release|Any CPU
		{8BBF00B6-4DB0-4C66-8F96-F4FFCD78BA81}.AppStore|iPhoneSimulator.Build.0 = Release|Any CPU
		{8BBF00B6-4DB0-4C66-8F96-F4FFCD78BA81}.AppStore|iPhoneSimulator.Deploy.0 = Release|Any CPU
		{8BBF00B6-4DB0-4C66-8F96-F4FFCD78BA81}.AppStore|x64.ActiveCfg = Release|Any CPU
		{8BBF00B6-4DB0-4C66-8F96-F4FFCD78BA81}.AppStore|x64.Build.0 = Release|Any CPU
		{8BBF00B6-4DB0-4C66-8F96-F4FFCD78BA81}.AppStore|x64.Deploy.0 = Release|Any CPU
		{8BBF00B6-4DB0-4C66-8F96-F4FFCD78BA81}.AppStore|x86.ActiveCfg = Release|Any CPU
		{8BBF00B6-4DB0-4C66-8F96-F4FFCD78BA81}.AppStore|x86.Build.0 = Release|Any CPU
		{8BBF00B6-4DB0-4C66-8F96-F4FFCD78BA81}.AppStore|x86.Deploy.0 = Release|Any CPU
		{8BBF00B6-4DB0-4C66-8F96-F4FFCD78BA81}.Debug|Any CPU.ActiveCfg = Debug|Any CPU
		{8BBF00B6-4DB0-4C66-8F96-F4FFCD78BA81}.Debug|Any CPU.Build.0 = Debug|Any CPU
		{8BBF00B6-4DB0-4C66-8F96-F4FFCD78BA81}.Debug|Any CPU.Deploy.0 = Debug|Any CPU
		{8BBF00B6-4DB0-4C66-8F96-F4FFCD78BA81}.Debug|ARM.ActiveCfg = Debug|Any CPU
		{8BBF00B6-4DB0-4C66-8F96-F4FFCD78BA81}.Debug|ARM.Build.0 = Debug|Any CPU
		{8BBF00B6-4DB0-4C66-8F96-F4FFCD78BA81}.Debug|ARM.Deploy.0 = Debug|Any CPU
		{8BBF00B6-4DB0-4C66-8F96-F4FFCD78BA81}.Debug|iPhone.ActiveCfg = Debug|Any CPU
		{8BBF00B6-4DB0-4C66-8F96-F4FFCD78BA81}.Debug|iPhone.Build.0 = Debug|Any CPU
		{8BBF00B6-4DB0-4C66-8F96-F4FFCD78BA81}.Debug|iPhone.Deploy.0 = Debug|Any CPU
		{8BBF00B6-4DB0-4C66-8F96-F4FFCD78BA81}.Debug|iPhoneSimulator.ActiveCfg = Debug|Any CPU
		{8BBF00B6-4DB0-4C66-8F96-F4FFCD78BA81}.Debug|iPhoneSimulator.Build.0 = Debug|Any CPU
		{8BBF00B6-4DB0-4C66-8F96-F4FFCD78BA81}.Debug|iPhoneSimulator.Deploy.0 = Debug|Any CPU
		{8BBF00B6-4DB0-4C66-8F96-F4FFCD78BA81}.Debug|x64.ActiveCfg = Debug|Any CPU
		{8BBF00B6-4DB0-4C66-8F96-F4FFCD78BA81}.Debug|x64.Build.0 = Debug|Any CPU
		{8BBF00B6-4DB0-4C66-8F96-F4FFCD78BA81}.Debug|x64.Deploy.0 = Debug|Any CPU
		{8BBF00B6-4DB0-4C66-8F96-F4FFCD78BA81}.Debug|x86.ActiveCfg = Debug|Any CPU
		{8BBF00B6-4DB0-4C66-8F96-F4FFCD78BA81}.Debug|x86.Build.0 = Debug|Any CPU
		{8BBF00B6-4DB0-4C66-8F96-F4FFCD78BA81}.Debug|x86.Deploy.0 = Debug|Any CPU
		{8BBF00B6-4DB0-4C66-8F96-F4FFCD78BA81}.Release|Any CPU.ActiveCfg = Release|Any CPU
		{8BBF00B6-4DB0-4C66-8F96-F4FFCD78BA81}.Release|Any CPU.Build.0 = Release|Any CPU
		{8BBF00B6-4DB0-4C66-8F96-F4FFCD78BA81}.Release|Any CPU.Deploy.0 = Release|Any CPU
		{8BBF00B6-4DB0-4C66-8F96-F4FFCD78BA81}.Release|ARM.ActiveCfg = Release|Any CPU
		{8BBF00B6-4DB0-4C66-8F96-F4FFCD78BA81}.Release|ARM.Build.0 = Release|Any CPU
		{8BBF00B6-4DB0-4C66-8F96-F4FFCD78BA81}.Release|ARM.Deploy.0 = Release|Any CPU
		{8BBF00B6-4DB0-4C66-8F96-F4FFCD78BA81}.Release|iPhone.ActiveCfg = Release|Any CPU
		{8BBF00B6-4DB0-4C66-8F96-F4FFCD78BA81}.Release|iPhone.Build.0 = Release|Any CPU
		{8BBF00B6-4DB0-4C66-8F96-F4FFCD78BA81}.Release|iPhone.Deploy.0 = Release|Any CPU
		{8BBF00B6-4DB0-4C66-8F96-F4FFCD78BA81}.Release|iPhoneSimulator.ActiveCfg = Release|Any CPU
		{8BBF00B6-4DB0-4C66-8F96-F4FFCD78BA81}.Release|iPhoneSimulator.Build.0 = Release|Any CPU
		{8BBF00B6-4DB0-4C66-8F96-F4FFCD78BA81}.Release|iPhoneSimulator.Deploy.0 = Release|Any CPU
		{8BBF00B6-4DB0-4C66-8F96-F4FFCD78BA81}.Release|x64.ActiveCfg = Release|Any CPU
		{8BBF00B6-4DB0-4C66-8F96-F4FFCD78BA81}.Release|x64.Build.0 = Release|Any CPU
		{8BBF00B6-4DB0-4C66-8F96-F4FFCD78BA81}.Release|x64.Deploy.0 = Release|Any CPU
		{8BBF00B6-4DB0-4C66-8F96-F4FFCD78BA81}.Release|x86.ActiveCfg = Release|Any CPU
		{8BBF00B6-4DB0-4C66-8F96-F4FFCD78BA81}.Release|x86.Build.0 = Release|Any CPU
		{8BBF00B6-4DB0-4C66-8F96-F4FFCD78BA81}.Release|x86.Deploy.0 = Release|Any CPU
		{1D34ED4C-107F-4110-B062-433926E84C05}.Ad-Hoc|Any CPU.ActiveCfg = Ad-Hoc|iPhone
		{1D34ED4C-107F-4110-B062-433926E84C05}.Ad-Hoc|ARM.ActiveCfg = Ad-Hoc|iPhone
		{1D34ED4C-107F-4110-B062-433926E84C05}.Ad-Hoc|iPhone.ActiveCfg = Ad-Hoc|iPhone
		{1D34ED4C-107F-4110-B062-433926E84C05}.Ad-Hoc|iPhone.Build.0 = Ad-Hoc|iPhone
		{1D34ED4C-107F-4110-B062-433926E84C05}.Ad-Hoc|iPhoneSimulator.ActiveCfg = Ad-Hoc|iPhoneSimulator
		{1D34ED4C-107F-4110-B062-433926E84C05}.Ad-Hoc|iPhoneSimulator.Build.0 = Ad-Hoc|iPhoneSimulator
		{1D34ED4C-107F-4110-B062-433926E84C05}.Ad-Hoc|x64.ActiveCfg = Ad-Hoc|iPhone
		{1D34ED4C-107F-4110-B062-433926E84C05}.Ad-Hoc|x86.ActiveCfg = Ad-Hoc|iPhone
		{1D34ED4C-107F-4110-B062-433926E84C05}.AppStore|Any CPU.ActiveCfg = AppStore|iPhone
		{1D34ED4C-107F-4110-B062-433926E84C05}.AppStore|ARM.ActiveCfg = AppStore|iPhone
		{1D34ED4C-107F-4110-B062-433926E84C05}.AppStore|iPhone.ActiveCfg = AppStore|iPhone
		{1D34ED4C-107F-4110-B062-433926E84C05}.AppStore|iPhone.Build.0 = AppStore|iPhone
		{1D34ED4C-107F-4110-B062-433926E84C05}.AppStore|iPhoneSimulator.ActiveCfg = AppStore|iPhoneSimulator
		{1D34ED4C-107F-4110-B062-433926E84C05}.AppStore|iPhoneSimulator.Build.0 = AppStore|iPhoneSimulator
		{1D34ED4C-107F-4110-B062-433926E84C05}.AppStore|x64.ActiveCfg = AppStore|iPhone
		{1D34ED4C-107F-4110-B062-433926E84C05}.AppStore|x86.ActiveCfg = AppStore|iPhone
		{1D34ED4C-107F-4110-B062-433926E84C05}.Debug|Any CPU.ActiveCfg = Debug|iPhone
		{1D34ED4C-107F-4110-B062-433926E84C05}.Debug|ARM.ActiveCfg = Debug|iPhone
		{1D34ED4C-107F-4110-B062-433926E84C05}.Debug|iPhone.ActiveCfg = Debug|iPhone
		{1D34ED4C-107F-4110-B062-433926E84C05}.Debug|iPhone.Build.0 = Debug|iPhone
		{1D34ED4C-107F-4110-B062-433926E84C05}.Debug|iPhoneSimulator.ActiveCfg = Debug|iPhoneSimulator
		{1D34ED4C-107F-4110-B062-433926E84C05}.Debug|iPhoneSimulator.Build.0 = Debug|iPhoneSimulator
		{1D34ED4C-107F-4110-B062-433926E84C05}.Debug|x64.ActiveCfg = Debug|iPhone
		{1D34ED4C-107F-4110-B062-433926E84C05}.Debug|x86.ActiveCfg = Debug|iPhone
		{1D34ED4C-107F-4110-B062-433926E84C05}.Release|Any CPU.ActiveCfg = Release|iPhone
		{1D34ED4C-107F-4110-B062-433926E84C05}.Release|ARM.ActiveCfg = Release|iPhone
		{1D34ED4C-107F-4110-B062-433926E84C05}.Release|iPhone.ActiveCfg = Release|iPhone
		{1D34ED4C-107F-4110-B062-433926E84C05}.Release|iPhone.Build.0 = Release|iPhone
		{1D34ED4C-107F-4110-B062-433926E84C05}.Release|iPhoneSimulator.ActiveCfg = Release|iPhoneSimulator
		{1D34ED4C-107F-4110-B062-433926E84C05}.Release|iPhoneSimulator.Build.0 = Release|iPhoneSimulator
		{1D34ED4C-107F-4110-B062-433926E84C05}.Release|x64.ActiveCfg = Release|iPhone
		{1D34ED4C-107F-4110-B062-433926E84C05}.Release|x86.ActiveCfg = Release|iPhone
		{6B9DA752-5D1A-49BC-9CF0-58603E011CD7}.Ad-Hoc|Any CPU.ActiveCfg = Release|Any CPU
		{6B9DA752-5D1A-49BC-9CF0-58603E011CD7}.Ad-Hoc|Any CPU.Build.0 = Release|Any CPU
		{6B9DA752-5D1A-49BC-9CF0-58603E011CD7}.Ad-Hoc|Any CPU.Deploy.0 = Release|Any CPU
		{6B9DA752-5D1A-49BC-9CF0-58603E011CD7}.Ad-Hoc|ARM.ActiveCfg = Release|ARM
		{6B9DA752-5D1A-49BC-9CF0-58603E011CD7}.Ad-Hoc|ARM.Build.0 = Release|ARM
		{6B9DA752-5D1A-49BC-9CF0-58603E011CD7}.Ad-Hoc|ARM.Deploy.0 = Release|ARM
		{6B9DA752-5D1A-49BC-9CF0-58603E011CD7}.Ad-Hoc|iPhone.ActiveCfg = Release|Any CPU
		{6B9DA752-5D1A-49BC-9CF0-58603E011CD7}.Ad-Hoc|iPhone.Build.0 = Release|Any CPU
		{6B9DA752-5D1A-49BC-9CF0-58603E011CD7}.Ad-Hoc|iPhone.Deploy.0 = Release|Any CPU
		{6B9DA752-5D1A-49BC-9CF0-58603E011CD7}.Ad-Hoc|iPhoneSimulator.ActiveCfg = Release|Any CPU
		{6B9DA752-5D1A-49BC-9CF0-58603E011CD7}.Ad-Hoc|iPhoneSimulator.Build.0 = Release|Any CPU
		{6B9DA752-5D1A-49BC-9CF0-58603E011CD7}.Ad-Hoc|iPhoneSimulator.Deploy.0 = Release|Any CPU
		{6B9DA752-5D1A-49BC-9CF0-58603E011CD7}.Ad-Hoc|x64.ActiveCfg = Release|Any CPU
		{6B9DA752-5D1A-49BC-9CF0-58603E011CD7}.Ad-Hoc|x64.Build.0 = Release|Any CPU
		{6B9DA752-5D1A-49BC-9CF0-58603E011CD7}.Ad-Hoc|x64.Deploy.0 = Release|Any CPU
		{6B9DA752-5D1A-49BC-9CF0-58603E011CD7}.Ad-Hoc|x86.ActiveCfg = Release|x86
		{6B9DA752-5D1A-49BC-9CF0-58603E011CD7}.Ad-Hoc|x86.Build.0 = Release|x86
		{6B9DA752-5D1A-49BC-9CF0-58603E011CD7}.Ad-Hoc|x86.Deploy.0 = Release|x86
		{6B9DA752-5D1A-49BC-9CF0-58603E011CD7}.AppStore|Any CPU.ActiveCfg = Release|Any CPU
		{6B9DA752-5D1A-49BC-9CF0-58603E011CD7}.AppStore|Any CPU.Build.0 = Release|Any CPU
		{6B9DA752-5D1A-49BC-9CF0-58603E011CD7}.AppStore|Any CPU.Deploy.0 = Release|Any CPU
		{6B9DA752-5D1A-49BC-9CF0-58603E011CD7}.AppStore|ARM.ActiveCfg = Release|ARM
		{6B9DA752-5D1A-49BC-9CF0-58603E011CD7}.AppStore|ARM.Build.0 = Release|ARM
		{6B9DA752-5D1A-49BC-9CF0-58603E011CD7}.AppStore|ARM.Deploy.0 = Release|ARM
		{6B9DA752-5D1A-49BC-9CF0-58603E011CD7}.AppStore|iPhone.ActiveCfg = Release|Any CPU
		{6B9DA752-5D1A-49BC-9CF0-58603E011CD7}.AppStore|iPhone.Build.0 = Release|Any CPU
		{6B9DA752-5D1A-49BC-9CF0-58603E011CD7}.AppStore|iPhone.Deploy.0 = Release|Any CPU
		{6B9DA752-5D1A-49BC-9CF0-58603E011CD7}.AppStore|iPhoneSimulator.ActiveCfg = Release|Any CPU
		{6B9DA752-5D1A-49BC-9CF0-58603E011CD7}.AppStore|iPhoneSimulator.Build.0 = Release|Any CPU
		{6B9DA752-5D1A-49BC-9CF0-58603E011CD7}.AppStore|iPhoneSimulator.Deploy.0 = Release|Any CPU
		{6B9DA752-5D1A-49BC-9CF0-58603E011CD7}.AppStore|x64.ActiveCfg = Release|Any CPU
		{6B9DA752-5D1A-49BC-9CF0-58603E011CD7}.AppStore|x64.Build.0 = Release|Any CPU
		{6B9DA752-5D1A-49BC-9CF0-58603E011CD7}.AppStore|x64.Deploy.0 = Release|Any CPU
		{6B9DA752-5D1A-49BC-9CF0-58603E011CD7}.AppStore|x86.ActiveCfg = Release|x86
		{6B9DA752-5D1A-49BC-9CF0-58603E011CD7}.AppStore|x86.Build.0 = Release|x86
		{6B9DA752-5D1A-49BC-9CF0-58603E011CD7}.AppStore|x86.Deploy.0 = Release|x86
		{6B9DA752-5D1A-49BC-9CF0-58603E011CD7}.Debug|Any CPU.ActiveCfg = Debug|Any CPU
		{6B9DA752-5D1A-49BC-9CF0-58603E011CD7}.Debug|Any CPU.Build.0 = Debug|Any CPU
		{6B9DA752-5D1A-49BC-9CF0-58603E011CD7}.Debug|Any CPU.Deploy.0 = Debug|Any CPU
		{6B9DA752-5D1A-49BC-9CF0-58603E011CD7}.Debug|ARM.ActiveCfg = Debug|ARM
		{6B9DA752-5D1A-49BC-9CF0-58603E011CD7}.Debug|ARM.Build.0 = Debug|ARM
		{6B9DA752-5D1A-49BC-9CF0-58603E011CD7}.Debug|ARM.Deploy.0 = Debug|ARM
		{6B9DA752-5D1A-49BC-9CF0-58603E011CD7}.Debug|iPhone.ActiveCfg = Debug|Any CPU
		{6B9DA752-5D1A-49BC-9CF0-58603E011CD7}.Debug|iPhone.Build.0 = Debug|Any CPU
		{6B9DA752-5D1A-49BC-9CF0-58603E011CD7}.Debug|iPhone.Deploy.0 = Debug|Any CPU
		{6B9DA752-5D1A-49BC-9CF0-58603E011CD7}.Debug|iPhoneSimulator.ActiveCfg = Debug|Any CPU
		{6B9DA752-5D1A-49BC-9CF0-58603E011CD7}.Debug|iPhoneSimulator.Build.0 = Debug|Any CPU
		{6B9DA752-5D1A-49BC-9CF0-58603E011CD7}.Debug|iPhoneSimulator.Deploy.0 = Debug|Any CPU
		{6B9DA752-5D1A-49BC-9CF0-58603E011CD7}.Debug|x64.ActiveCfg = Debug|Any CPU
		{6B9DA752-5D1A-49BC-9CF0-58603E011CD7}.Debug|x64.Build.0 = Debug|Any CPU
		{6B9DA752-5D1A-49BC-9CF0-58603E011CD7}.Debug|x64.Deploy.0 = Debug|Any CPU
		{6B9DA752-5D1A-49BC-9CF0-58603E011CD7}.Debug|x86.ActiveCfg = Debug|x86
		{6B9DA752-5D1A-49BC-9CF0-58603E011CD7}.Debug|x86.Build.0 = Debug|x86
		{6B9DA752-5D1A-49BC-9CF0-58603E011CD7}.Debug|x86.Deploy.0 = Debug|x86
		{6B9DA752-5D1A-49BC-9CF0-58603E011CD7}.Release|Any CPU.ActiveCfg = Release|Any CPU
		{6B9DA752-5D1A-49BC-9CF0-58603E011CD7}.Release|Any CPU.Build.0 = Release|Any CPU
		{6B9DA752-5D1A-49BC-9CF0-58603E011CD7}.Release|Any CPU.Deploy.0 = Release|Any CPU
		{6B9DA752-5D1A-49BC-9CF0-58603E011CD7}.Release|ARM.ActiveCfg = Release|ARM
		{6B9DA752-5D1A-49BC-9CF0-58603E011CD7}.Release|ARM.Build.0 = Release|ARM
		{6B9DA752-5D1A-49BC-9CF0-58603E011CD7}.Release|ARM.Deploy.0 = Release|ARM
		{6B9DA752-5D1A-49BC-9CF0-58603E011CD7}.Release|iPhone.ActiveCfg = Release|Any CPU
		{6B9DA752-5D1A-49BC-9CF0-58603E011CD7}.Release|iPhone.Build.0 = Release|Any CPU
		{6B9DA752-5D1A-49BC-9CF0-58603E011CD7}.Release|iPhone.Deploy.0 = Release|Any CPU
		{6B9DA752-5D1A-49BC-9CF0-58603E011CD7}.Release|iPhoneSimulator.ActiveCfg = Release|Any CPU
		{6B9DA752-5D1A-49BC-9CF0-58603E011CD7}.Release|iPhoneSimulator.Build.0 = Release|Any CPU
		{6B9DA752-5D1A-49BC-9CF0-58603E011CD7}.Release|iPhoneSimulator.Deploy.0 = Release|Any CPU
		{6B9DA752-5D1A-49BC-9CF0-58603E011CD7}.Release|x64.ActiveCfg = Release|Any CPU
		{6B9DA752-5D1A-49BC-9CF0-58603E011CD7}.Release|x64.Build.0 = Release|Any CPU
		{6B9DA752-5D1A-49BC-9CF0-58603E011CD7}.Release|x64.Deploy.0 = Release|Any CPU
		{6B9DA752-5D1A-49BC-9CF0-58603E011CD7}.Release|x86.ActiveCfg = Release|x86
		{6B9DA752-5D1A-49BC-9CF0-58603E011CD7}.Release|x86.Build.0 = Release|x86
		{6B9DA752-5D1A-49BC-9CF0-58603E011CD7}.Release|x86.Deploy.0 = Release|x86
		{EF77A461-996E-43FF-BC18-83AEC3412383}.Ad-Hoc|Any CPU.ActiveCfg = Release|Any CPU
		{EF77A461-996E-43FF-BC18-83AEC3412383}.Ad-Hoc|Any CPU.Build.0 = Release|Any CPU
		{EF77A461-996E-43FF-BC18-83AEC3412383}.Ad-Hoc|Any CPU.Deploy.0 = Release|Any CPU
		{EF77A461-996E-43FF-BC18-83AEC3412383}.Ad-Hoc|ARM.ActiveCfg = Release|ARM
		{EF77A461-996E-43FF-BC18-83AEC3412383}.Ad-Hoc|ARM.Build.0 = Release|ARM
		{EF77A461-996E-43FF-BC18-83AEC3412383}.Ad-Hoc|ARM.Deploy.0 = Release|ARM
		{EF77A461-996E-43FF-BC18-83AEC3412383}.Ad-Hoc|iPhone.ActiveCfg = Release|Any CPU
		{EF77A461-996E-43FF-BC18-83AEC3412383}.Ad-Hoc|iPhone.Build.0 = Release|Any CPU
		{EF77A461-996E-43FF-BC18-83AEC3412383}.Ad-Hoc|iPhone.Deploy.0 = Release|Any CPU
		{EF77A461-996E-43FF-BC18-83AEC3412383}.Ad-Hoc|iPhoneSimulator.ActiveCfg = Release|Any CPU
		{EF77A461-996E-43FF-BC18-83AEC3412383}.Ad-Hoc|iPhoneSimulator.Build.0 = Release|Any CPU
		{EF77A461-996E-43FF-BC18-83AEC3412383}.Ad-Hoc|iPhoneSimulator.Deploy.0 = Release|Any CPU
		{EF77A461-996E-43FF-BC18-83AEC3412383}.Ad-Hoc|x64.ActiveCfg = Release|x64
		{EF77A461-996E-43FF-BC18-83AEC3412383}.Ad-Hoc|x64.Build.0 = Release|x64
		{EF77A461-996E-43FF-BC18-83AEC3412383}.Ad-Hoc|x64.Deploy.0 = Release|x64
		{EF77A461-996E-43FF-BC18-83AEC3412383}.Ad-Hoc|x86.ActiveCfg = Release|x86
		{EF77A461-996E-43FF-BC18-83AEC3412383}.Ad-Hoc|x86.Build.0 = Release|x86
		{EF77A461-996E-43FF-BC18-83AEC3412383}.Ad-Hoc|x86.Deploy.0 = Release|x86
		{EF77A461-996E-43FF-BC18-83AEC3412383}.AppStore|Any CPU.ActiveCfg = Release|Any CPU
		{EF77A461-996E-43FF-BC18-83AEC3412383}.AppStore|Any CPU.Build.0 = Release|Any CPU
		{EF77A461-996E-43FF-BC18-83AEC3412383}.AppStore|Any CPU.Deploy.0 = Release|Any CPU
		{EF77A461-996E-43FF-BC18-83AEC3412383}.AppStore|ARM.ActiveCfg = Release|ARM
		{EF77A461-996E-43FF-BC18-83AEC3412383}.AppStore|ARM.Build.0 = Release|ARM
		{EF77A461-996E-43FF-BC18-83AEC3412383}.AppStore|ARM.Deploy.0 = Release|ARM
		{EF77A461-996E-43FF-BC18-83AEC3412383}.AppStore|iPhone.ActiveCfg = Release|Any CPU
		{EF77A461-996E-43FF-BC18-83AEC3412383}.AppStore|iPhone.Build.0 = Release|Any CPU
		{EF77A461-996E-43FF-BC18-83AEC3412383}.AppStore|iPhone.Deploy.0 = Release|Any CPU
		{EF77A461-996E-43FF-BC18-83AEC3412383}.AppStore|iPhoneSimulator.ActiveCfg = Release|Any CPU
		{EF77A461-996E-43FF-BC18-83AEC3412383}.AppStore|iPhoneSimulator.Build.0 = Release|Any CPU
		{EF77A461-996E-43FF-BC18-83AEC3412383}.AppStore|iPhoneSimulator.Deploy.0 = Release|Any CPU
		{EF77A461-996E-43FF-BC18-83AEC3412383}.AppStore|x64.ActiveCfg = Release|x64
		{EF77A461-996E-43FF-BC18-83AEC3412383}.AppStore|x64.Build.0 = Release|x64
		{EF77A461-996E-43FF-BC18-83AEC3412383}.AppStore|x64.Deploy.0 = Release|x64
		{EF77A461-996E-43FF-BC18-83AEC3412383}.AppStore|x86.ActiveCfg = Release|x86
		{EF77A461-996E-43FF-BC18-83AEC3412383}.AppStore|x86.Build.0 = Release|x86
		{EF77A461-996E-43FF-BC18-83AEC3412383}.AppStore|x86.Deploy.0 = Release|x86
		{EF77A461-996E-43FF-BC18-83AEC3412383}.Debug|Any CPU.ActiveCfg = Debug|Any CPU
		{EF77A461-996E-43FF-BC18-83AEC3412383}.Debug|Any CPU.Build.0 = Debug|Any CPU
		{EF77A461-996E-43FF-BC18-83AEC3412383}.Debug|Any CPU.Deploy.0 = Debug|Any CPU
		{EF77A461-996E-43FF-BC18-83AEC3412383}.Debug|ARM.ActiveCfg = Debug|ARM
		{EF77A461-996E-43FF-BC18-83AEC3412383}.Debug|ARM.Build.0 = Debug|ARM
		{EF77A461-996E-43FF-BC18-83AEC3412383}.Debug|ARM.Deploy.0 = Debug|ARM
		{EF77A461-996E-43FF-BC18-83AEC3412383}.Debug|iPhone.ActiveCfg = Debug|Any CPU
		{EF77A461-996E-43FF-BC18-83AEC3412383}.Debug|iPhone.Build.0 = Debug|Any CPU
		{EF77A461-996E-43FF-BC18-83AEC3412383}.Debug|iPhone.Deploy.0 = Debug|Any CPU
		{EF77A461-996E-43FF-BC18-83AEC3412383}.Debug|iPhoneSimulator.ActiveCfg = Debug|Any CPU
		{EF77A461-996E-43FF-BC18-83AEC3412383}.Debug|iPhoneSimulator.Build.0 = Debug|Any CPU
		{EF77A461-996E-43FF-BC18-83AEC3412383}.Debug|iPhoneSimulator.Deploy.0 = Debug|Any CPU
		{EF77A461-996E-43FF-BC18-83AEC3412383}.Debug|x64.ActiveCfg = Debug|x64
		{EF77A461-996E-43FF-BC18-83AEC3412383}.Debug|x64.Build.0 = Debug|x64
		{EF77A461-996E-43FF-BC18-83AEC3412383}.Debug|x64.Deploy.0 = Debug|x64
		{EF77A461-996E-43FF-BC18-83AEC3412383}.Debug|x86.ActiveCfg = Debug|x86
		{EF77A461-996E-43FF-BC18-83AEC3412383}.Debug|x86.Build.0 = Debug|x86
		{EF77A461-996E-43FF-BC18-83AEC3412383}.Debug|x86.Deploy.0 = Debug|x86
		{EF77A461-996E-43FF-BC18-83AEC3412383}.Release|Any CPU.ActiveCfg = Release|Any CPU
		{EF77A461-996E-43FF-BC18-83AEC3412383}.Release|Any CPU.Build.0 = Release|Any CPU
		{EF77A461-996E-43FF-BC18-83AEC3412383}.Release|Any CPU.Deploy.0 = Release|Any CPU
		{EF77A461-996E-43FF-BC18-83AEC3412383}.Release|ARM.ActiveCfg = Release|ARM
		{EF77A461-996E-43FF-BC18-83AEC3412383}.Release|ARM.Build.0 = Release|ARM
		{EF77A461-996E-43FF-BC18-83AEC3412383}.Release|ARM.Deploy.0 = Release|ARM
		{EF77A461-996E-43FF-BC18-83AEC3412383}.Release|iPhone.ActiveCfg = Release|Any CPU
		{EF77A461-996E-43FF-BC18-83AEC3412383}.Release|iPhone.Build.0 = Release|Any CPU
		{EF77A461-996E-43FF-BC18-83AEC3412383}.Release|iPhone.Deploy.0 = Release|Any CPU
		{EF77A461-996E-43FF-BC18-83AEC3412383}.Release|iPhoneSimulator.ActiveCfg = Release|Any CPU
		{EF77A461-996E-43FF-BC18-83AEC3412383}.Release|iPhoneSimulator.Build.0 = Release|Any CPU
		{EF77A461-996E-43FF-BC18-83AEC3412383}.Release|iPhoneSimulator.Deploy.0 = Release|Any CPU
		{EF77A461-996E-43FF-BC18-83AEC3412383}.Release|x64.ActiveCfg = Release|x64
		{EF77A461-996E-43FF-BC18-83AEC3412383}.Release|x64.Build.0 = Release|x64
		{EF77A461-996E-43FF-BC18-83AEC3412383}.Release|x64.Deploy.0 = Release|x64
		{EF77A461-996E-43FF-BC18-83AEC3412383}.Release|x86.ActiveCfg = Release|x86
		{EF77A461-996E-43FF-BC18-83AEC3412383}.Release|x86.Build.0 = Release|x86
		{EF77A461-996E-43FF-BC18-83AEC3412383}.Release|x86.Deploy.0 = Release|x86
	EndGlobalSection
	GlobalSection(SolutionProperties) = preSolution
		HideSolutionNode = FALSE
	EndGlobalSection
EndGlobal
